
Microsoft Visual Studio Solution File, Format Version 12.00
# Visual Studio 14
VisualStudioVersion = 14.0.25420.1
MinimumVisualStudioVersion = 10.0.40219.1
Project("{FAE04EC0-301F-11D3-BF4B-00C04F79EFBC}") = "labo_01_convertisseur", "labo_01_convertisseur\labo_01_convertisseur.csproj", "{D69D9243-B0A0-4938-877F-5AA0F0D093A9}"
EndProject
Project("{FAE04EC0-301F-11D3-BF4B-00C04F79EFBC}") = "SerialPortConfigurator", "SerialPortConfigurator\SerialPortConfigurator.csproj", "{6293B2B9-2124-458E-8A24-63ADB3833BC2}"
EndProject
Global
	GlobalSection(SolutionConfigurationPlatforms) = preSolution
		Debug|Any CPU = Debug|Any CPU
		Release|Any CPU = Release|Any CPU
	EndGlobalSection
	GlobalSection(ProjectConfigurationPlatforms) = postSolution
		{D69D9243-B0A0-4938-877F-5AA0F0D093A9}.Debug|Any CPU.ActiveCfg = Debug|Any CPU
		{D69D9243-B0A0-4938-877F-5AA0F0D093A9}.Debug|Any CPU.Build.0 = Debug|Any CPU
		{D69D9243-B0A0-4938-877F-5AA0F0D093A9}.Release|Any CPU.ActiveCfg = Release|Any CPU
		{D69D9243-B0A0-4938-877F-5AA0F0D093A9}.Release|Any CPU.Build.0 = Release|Any CPU
		{6293B2B9-2124-458E-8A24-63ADB3833BC2}.Debug|Any CPU.ActiveCfg = Debug|Any CPU
		{6293B2B9-2124-458E-8A24-63ADB3833BC2}.Debug|Any CPU.Build.0 = Debug|Any CPU
		{6293B2B9-2124-458E-8A24-63ADB3833BC2}.Release|Any CPU.ActiveCfg = Release|Any CPU
		{6293B2B9-2124-458E-8A24-63ADB3833BC2}.Release|Any CPU.Build.0 = Release|Any CPU
	EndGlobalSection
	GlobalSection(SolutionProperties) = preSolution
		HideSolutionNode = FALSE
	EndGlobalSection
EndGlobal
